Microsoft Visual Studio Solution File, Format Version 12.00
# Visual Studio Version 17
VisualStudioVersion = 17.5.2.0
MinimumVisualStudioVersion = 10.0.40219.1
Project("{FAE04EC0-301F-11D3-BF4B-00C04F79EFBC}") = "iffinestudio2025", "iffinestudio2025.csproj", "{2AF0487F-941F-4FA2-C3C7-458DF5574F02}"
EndProject
Global
	GlobalSection(SolutionConfigurationPlatforms) = preSolution
		Debug|Any CPU = Debug|Any CPU
		Release|Any CPU = Release|Any CPU
	EndGlobalSection
	GlobalSection(ProjectConfigurationPlatforms) = postSolution
		{2AF0487F-941F-4FA2-C3C7-458DF5574F02}.Debug|Any CPU.ActiveCfg = Debug|Any CPU
		{2AF0487F-941F-4FA2-C3C7-458DF5574F02}.Debug|Any CPU.Build.0 = Debug|Any CPU
		{2AF0487F-941F-4FA2-C3C7-458DF5574F02}.Release|Any CPU.ActiveCfg = Release|Any CPU
		{2AF0487F-941F-4FA2-C3C7-458DF5574F02}.Release|Any CPU.Build.0 = Release|Any CPU
	EndGlobalSection
	GlobalSection(SolutionProperties) = preSolution
		HideSolutionNode = FALSE
	EndGlobalSection
	GlobalSection(ExtensibilityGlobals) = postSolution
		SolutionGuid = {7FCD9870-1869-49AE-9D0B-3A1FDAB565F4}
	EndGlobalSection
EndGlobal
